
Microsoft Visual Studio Solution File, Format Version 12.00
# Visual Studio Version 17
VisualStudioVersion = 17.10.35122.118
MinimumVisualStudioVersion = 10.0.40219.1
Project("{FAE04EC0-301F-11D3-BF4B-00C04F79EFBC}") = "puissance4", "puissance4.csproj", "{E3A22583-BC69-4CD3-B8CB-C2D3518F4AC1}"
EndProject
Global
	GlobalSection(SolutionConfigurationPlatforms) = preSolution
		Debug|Any CPU = Debug|Any CPU
		Release|Any CPU = Release|Any CPU
	EndGlobalSection
	GlobalSection(ProjectConfigurationPlatforms) = postSolution
		{E3A22583-BC69-4CD3-B8CB-C2D3518F4AC1}.Debug|Any CPU.ActiveCfg = Debug|Any CPU
		{E3A22583-BC69-4CD3-B8CB-C2D3518F4AC1}.Debug|Any CPU.Build.0 = Debug|Any CPU
		{E3A22583-BC69-4CD3-B8CB-C2D3518F4AC1}.Release|Any CPU.ActiveCfg = Release|Any CPU
		{E3A22583-BC69-4CD3-B8CB-C2D3518F4AC1}.Release|Any CPU.Build.0 = Release|Any CPU
	EndGlobalSection
	GlobalSection(SolutionProperties) = preSolution
		HideSolutionNode = FALSE
	EndGlobalSection
	GlobalSection(ExtensibilityGlobals) = postSolution
		SolutionGuid = {C540A52E-C6D1-4705-8690-C5B5FFD81AB1}
	EndGlobalSection
EndGlobal
