
Microsoft Visual Studio Solution File, Format Version 12.00
# Visual Studio Version 17
VisualStudioVersion = 17.10.35122.118
MinimumVisualStudioVersion = 10.0.40219.1
Project("{FAE04EC0-301F-11D3-BF4B-00C04F79EFBC}") = "TestRatCmd1", "TestRatCmd1.csproj", "{5129F480-E158-423C-80CF-87159CF53582}"
EndProject
Global
	GlobalSection(SolutionConfigurationPlatforms) = preSolution
		Debug|Any CPU = Debug|Any CPU
		Release|Any CPU = Release|Any CPU
	EndGlobalSection
	GlobalSection(ProjectConfigurationPlatforms) = postSolution
		{5129F480-E158-423C-80CF-87159CF53582}.Debug|Any CPU.ActiveCfg = Debug|Any CPU
		{5129F480-E158-423C-80CF-87159CF53582}.Debug|Any CPU.Build.0 = Debug|Any CPU
		{5129F480-E158-423C-80CF-87159CF53582}.Release|Any CPU.ActiveCfg = Release|Any CPU
		{5129F480-E158-423C-80CF-87159CF53582}.Release|Any CPU.Build.0 = Release|Any CPU
	EndGlobalSection
	GlobalSection(SolutionProperties) = preSolution
		HideSolutionNode = FALSE
	EndGlobalSection
	GlobalSection(ExtensibilityGlobals) = postSolution
		SolutionGuid = {9680740B-ED6F-4A6C-AE5A-5BEE261EA8D9}
	EndGlobalSection
EndGlobal
